
Microsoft Visual Studio Solution File, Format Version 12.00
# Visual Studio 15
VisualStudioVersion = 15.0.26228.43
MinimumVisualStudioVersion = 10.0.40219.1
Project("{FAE04EC0-301F-11D3-BF4B-00C04F79EFBC}") = "Pintxos.CI.Web", "Pintxos.CI.Web\Pintxos.CI.Web.csproj", "{4B1260E7-F0D7-4023-9F3A-9CDF754C10A9}"
EndProject
Global
	GlobalSection(SolutionConfigurationPlatforms) = preSolution
		Debug|Any CPU = Debug|Any CPU
		Release|Any CPU = Release|Any CPU
	EndGlobalSection
	GlobalSection(ProjectConfigurationPlatforms) = postSolution
		{4B1260E7-F0D7-4023-9F3A-9CDF754C10A9}.Debug|Any CPU.ActiveCfg = Debug|Any CPU
		{4B1260E7-F0D7-4023-9F3A-9CDF754C10A9}.Debug|Any CPU.Build.0 = Debug|Any CPU
		{4B1260E7-F0D7-4023-9F3A-9CDF754C10A9}.Release|Any CPU.ActiveCfg = Release|Any CPU
		{4B1260E7-F0D7-4023-9F3A-9CDF754C10A9}.Release|Any CPU.Build.0 = Release|Any CPU
	EndGlobalSection
	GlobalSection(SolutionProperties) = preSolution
		HideSolutionNode = FALSE
	EndGlobalSection
	GlobalSection(TeamFoundationVersionControl) = preSolution
		SccNumberOfProjects = 2
		SccEnterpriseProvider = {4CA58AB2-18FA-4F8D-95D4-32DDF27D184C}
		SccTeamFoundationServer = https://labcore.visualstudio.com/
		SccLocalPath0 = .
		SccProjectUniqueName1 = Pintxos.CI.Web\\Pintxos.CI.Web.csproj
		SccProjectName1 = Pintxos.CI.Web
		SccLocalPath1 = Pintxos.CI.Web
	EndGlobalSection
EndGlobal
